
Microsoft Visual Studio Solution File, Format Version 12.00
# Visual Studio Version 17
VisualStudioVersion = 17.6.33723.286
MinimumVisualStudioVersion = 10.0.40219.1
Project("{FAE04EC0-301F-11D3-BF4B-00C04F79EFBC}") = "user-service", "user-service\user-service.csproj", "{EB996233-7D9E-4903-A4A3-44992B8FD6D6}"
EndProject
Project("{FAE04EC0-301F-11D3-BF4B-00C04F79EFBC}") = "device-service", "device-service\device-service.csproj", "{02876509-97D9-40B7-B099-B05CF649BBBD}"
EndProject
Project("{FAE04EC0-301F-11D3-BF4B-00C04F79EFBC}") = "location-service", "location-service\location-service.csproj", "{9106077F-7E2E-41C9-AF65-154FD85B35B8}"
EndProject
Project("{FAE04EC0-301F-11D3-BF4B-00C04F79EFBC}") = "event-service", "event-service\event-service.csproj", "{2A6650EA-0D5A-4DDF-ACF3-ABDF352627B3}"
EndProject
Project("{FAE04EC0-301F-11D3-BF4B-00C04F79EFBC}") = "statistic-service", "statistic-service\statistic-service.csproj", "{59096377-ED93-4486-81D1-C4CE63432E9C}"
EndProject
Project("{FAE04EC0-301F-11D3-BF4B-00C04F79EFBC}") = "DeviceServiceTest", "DeviceServiceTest\DeviceServiceTest.csproj", "{757908C3-9D6A-4CF7-A7FA-52E5F8C94DC6}"
EndProject
Project("{FAE04EC0-301F-11D3-BF4B-00C04F79EFBC}") = "EventServiceTest", "EventServiceTest\EventServiceTest.csproj", "{FEB91E83-2E86-4326-9487-33325440D399}"
EndProject
Project("{FAE04EC0-301F-11D3-BF4B-00C04F79EFBC}") = "LocationServiceTest", "LocationServiceTest\LocationServiceTest.csproj", "{9FA1F9AF-349E-426E-B32C-CB3D6C96A75E}"
EndProject
Global
	GlobalSection(SolutionConfigurationPlatforms) = preSolution
		Debug|Any CPU = Debug|Any CPU
		Release|Any CPU = Release|Any CPU
	EndGlobalSection
	GlobalSection(ProjectConfigurationPlatforms) = postSolution
		{EB996233-7D9E-4903-A4A3-44992B8FD6D6}.Debug|Any CPU.ActiveCfg = Debug|Any CPU
		{EB996233-7D9E-4903-A4A3-44992B8FD6D6}.Debug|Any CPU.Build.0 = Debug|Any CPU
		{EB996233-7D9E-4903-A4A3-44992B8FD6D6}.Release|Any CPU.ActiveCfg = Release|Any CPU
		{EB996233-7D9E-4903-A4A3-44992B8FD6D6}.Release|Any CPU.Build.0 = Release|Any CPU
		{02876509-97D9-40B7-B099-B05CF649BBBD}.Debug|Any CPU.ActiveCfg = Debug|Any CPU
		{02876509-97D9-40B7-B099-B05CF649BBBD}.Debug|Any CPU.Build.0 = Debug|Any CPU
		{02876509-97D9-40B7-B099-B05CF649BBBD}.Release|Any CPU.ActiveCfg = Release|Any CPU
		{02876509-97D9-40B7-B099-B05CF649BBBD}.Release|Any CPU.Build.0 = Release|Any CPU
		{9106077F-7E2E-41C9-AF65-154FD85B35B8}.Debug|Any CPU.ActiveCfg = Debug|Any CPU
		{9106077F-7E2E-41C9-AF65-154FD85B35B8}.Debug|Any CPU.Build.0 = Debug|Any CPU
		{9106077F-7E2E-41C9-AF65-154FD85B35B8}.Release|Any CPU.ActiveCfg = Release|Any CPU
		{9106077F-7E2E-41C9-AF65-154FD85B35B8}.Release|Any CPU.Build.0 = Release|Any CPU
		{2A6650EA-0D5A-4DDF-ACF3-ABDF352627B3}.Debug|Any CPU.ActiveCfg = Debug|Any CPU
		{2A6650EA-0D5A-4DDF-ACF3-ABDF352627B3}.Debug|Any CPU.Build.0 = Debug|Any CPU
		{2A6650EA-0D5A-4DDF-ACF3-ABDF352627B3}.Release|Any CPU.ActiveCfg = Release|Any CPU
		{2A6650EA-0D5A-4DDF-ACF3-ABDF352627B3}.Release|Any CPU.Build.0 = Release|Any CPU
		{59096377-ED93-4486-81D1-C4CE63432E9C}.Debug|Any CPU.ActiveCfg = Debug|Any CPU
		{59096377-ED93-4486-81D1-C4CE63432E9C}.Debug|Any CPU.Build.0 = Debug|Any CPU
		{59096377-ED93-4486-81D1-C4CE63432E9C}.Release|Any CPU.ActiveCfg = Release|Any CPU
		{59096377-ED93-4486-81D1-C4CE63432E9C}.Release|Any CPU.Build.0 = Release|Any CPU
		{757908C3-9D6A-4CF7-A7FA-52E5F8C94DC6}.Debug|Any CPU.ActiveCfg = Debug|Any CPU
		{757908C3-9D6A-4CF7-A7FA-52E5F8C94DC6}.Debug|Any CPU.Build.0 = Debug|Any CPU
		{757908C3-9D6A-4CF7-A7FA-52E5F8C94DC6}.Release|Any CPU.ActiveCfg = Release|Any CPU
		{757908C3-9D6A-4CF7-A7FA-52E5F8C94DC6}.Release|Any CPU.Build.0 = Release|Any CPU
		{FEB91E83-2E86-4326-9487-33325440D399}.Debug|Any CPU.ActiveCfg = Debug|Any CPU
		{FEB91E83-2E86-4326-9487-33325440D399}.Debug|Any CPU.Build.0 = Debug|Any CPU
		{FEB91E83-2E86-4326-9487-33325440D399}.Release|Any CPU.ActiveCfg = Release|Any CPU
		{FEB91E83-2E86-4326-9487-33325440D399}.Release|Any CPU.Build.0 = Release|Any CPU
		{9FA1F9AF-349E-426E-B32C-CB3D6C96A75E}.Debug|Any CPU.ActiveCfg = Debug|Any CPU
		{9FA1F9AF-349E-426E-B32C-CB3D6C96A75E}.Debug|Any CPU.Build.0 = Debug|Any CPU
		{9FA1F9AF-349E-426E-B32C-CB3D6C96A75E}.Release|Any CPU.ActiveCfg = Release|Any CPU
		{9FA1F9AF-349E-426E-B32C-CB3D6C96A75E}.Release|Any CPU.Build.0 = Release|Any CPU
	EndGlobalSection
	GlobalSection(SolutionProperties) = preSolution
		HideSolutionNode = FALSE
	EndGlobalSection
	GlobalSection(ExtensibilityGlobals) = postSolution
		SolutionGuid = {0522475B-8879-4BDE-AB41-AE420CF02926}
	EndGlobalSection
EndGlobal
